
Microsoft Visual Studio Solution File, Format Version 12.00
# Visual Studio Version 18
VisualStudioVersion = 18.4.11620.152 stable
MinimumVisualStudioVersion = 10.0.40219.1
Project("{FAE04EC0-301F-11D3-BF4B-00C04F79EFBC}") = "Elaaj.Domain", "Elaaj.Domain\Elaaj.Domain.csproj", "{FC86711E-536A-41A1-8C29-F5C0A676F8A9}"
EndProject
Project("{FAE04EC0-301F-11D3-BF4B-00C04F79EFBC}") = "Elaaj.Application", "Elaaj.Application\Elaaj.Application.csproj", "{9C27C009-900D-4588-9E7A-A5B0FF492ADD}"
EndProject
Project("{FAE04EC0-301F-11D3-BF4B-00C04F79EFBC}") = "Elaaj.infrastructure", "Elaaj.infrastructure\Elaaj.infrastructure.csproj", "{9CCAC045-A99C-44A2-AC95-568FB001A56C}"
EndProject
Project("{FAE04EC0-301F-11D3-BF4B-00C04F79EFBC}") = "Elaaj.API", "Elaaj.API\Elaaj.API.csproj", "{66AC5DDC-9A4F-48A0-A472-098A117084CE}"
EndProject
Project("{FAE04EC0-301F-11D3-BF4B-00C04F79EFBC}") = "UnitTests", "UnitTests\UnitTests.csproj", "{53FF64AE-24FC-4AEC-9802-826133D4FBA9}"
EndProject
Global
	GlobalSection(SolutionConfigurationPlatforms) = preSolution
		Debug|Any CPU = Debug|Any CPU
		Release|Any CPU = Release|Any CPU
	EndGlobalSection
	GlobalSection(ProjectConfigurationPlatforms) = postSolution
		{FC86711E-536A-41A1-8C29-F5C0A676F8A9}.Debug|Any CPU.ActiveCfg = Debug|Any CPU
		{FC86711E-536A-41A1-8C29-F5C0A676F8A9}.Debug|Any CPU.Build.0 = Debug|Any CPU
		{FC86711E-536A-41A1-8C29-F5C0A676F8A9}.Release|Any CPU.ActiveCfg = Release|Any CPU
		{FC86711E-536A-41A1-8C29-F5C0A676F8A9}.Release|Any CPU.Build.0 = Release|Any CPU
		{9C27C009-900D-4588-9E7A-A5B0FF492ADD}.Debug|Any CPU.ActiveCfg = Debug|Any CPU
		{9C27C009-900D-4588-9E7A-A5B0FF492ADD}.Debug|Any CPU.Build.0 = Debug|Any CPU
		{9C27C009-900D-4588-9E7A-A5B0FF492ADD}.Release|Any CPU.ActiveCfg = Release|Any CPU
		{9C27C009-900D-4588-9E7A-A5B0FF492ADD}.Release|Any CPU.Build.0 = Release|Any CPU
		{9CCAC045-A99C-44A2-AC95-568FB001A56C}.Debug|Any CPU.ActiveCfg = Debug|Any CPU
		{9CCAC045-A99C-44A2-AC95-568FB001A56C}.Debug|Any CPU.Build.0 = Debug|Any CPU
		{9CCAC045-A99C-44A2-AC95-568FB001A56C}.Release|Any CPU.ActiveCfg = Release|Any CPU
		{9CCAC045-A99C-44A2-AC95-568FB001A56C}.Release|Any CPU.Build.0 = Release|Any CPU
		{66AC5DDC-9A4F-48A0-A472-098A117084CE}.Debug|Any CPU.ActiveCfg = Debug|Any CPU
		{66AC5DDC-9A4F-48A0-A472-098A117084CE}.Debug|Any CPU.Build.0 = Debug|Any CPU
		{66AC5DDC-9A4F-48A0-A472-098A117084CE}.Release|Any CPU.ActiveCfg = Release|Any CPU
		{66AC5DDC-9A4F-48A0-A472-098A117084CE}.Release|Any CPU.Build.0 = Release|Any CPU
		{53FF64AE-24FC-4AEC-9802-826133D4FBA9}.Debug|Any CPU.ActiveCfg = Debug|Any CPU
		{53FF64AE-24FC-4AEC-9802-826133D4FBA9}.Debug|Any CPU.Build.0 = Debug|Any CPU
		{53FF64AE-24FC-4AEC-9802-826133D4FBA9}.Release|Any CPU.ActiveCfg = Release|Any CPU
		{53FF64AE-24FC-4AEC-9802-826133D4FBA9}.Release|Any CPU.Build.0 = Release|Any CPU
	EndGlobalSection
	GlobalSection(SolutionProperties) = preSolution
		HideSolutionNode = FALSE
	EndGlobalSection
	GlobalSection(ExtensibilityGlobals) = postSolution
		SolutionGuid = {48BE7784-9973-4986-B37F-5F788441D8D2}
	EndGlobalSection
EndGlobal
